
Microsoft Visual Studio Solution File, Format Version 12.00
# Visual Studio Version 17
VisualStudioVersion = 17.14.36401.2 d17.14
MinimumVisualStudioVersion = 10.0.40219.1
Project("{FAE04EC0-301F-11D3-BF4B-00C04F79EFBC}") = "ThePrototype", "ThePrototype.csproj", "{1C4EAAFD-B7AC-456B-A08C-BC863A9EDE92}"
EndProject
Global
	GlobalSection(SolutionConfigurationPlatforms) = preSolution
		Debug|Any CPU = Debug|Any CPU
		Release|Any CPU = Release|Any CPU
	EndGlobalSection
	GlobalSection(ProjectConfigurationPlatforms) = postSolution
		{1C4EAAFD-B7AC-456B-A08C-BC863A9EDE92}.Debug|Any CPU.ActiveCfg = Debug|Any CPU
		{1C4EAAFD-B7AC-456B-A08C-BC863A9EDE92}.Debug|Any CPU.Build.0 = Debug|Any CPU
		{1C4EAAFD-B7AC-456B-A08C-BC863A9EDE92}.Release|Any CPU.ActiveCfg = Release|Any CPU
		{1C4EAAFD-B7AC-456B-A08C-BC863A9EDE92}.Release|Any CPU.Build.0 = Release|Any CPU
	EndGlobalSection
	GlobalSection(SolutionProperties) = preSolution
		HideSolutionNode = FALSE
	EndGlobalSection
	GlobalSection(ExtensibilityGlobals) = postSolution
		SolutionGuid = {2B80F7DF-0CBC-4AF2-AD77-BB6D0CAA36A6}
	EndGlobalSection
EndGlobal
