
Microsoft Visual Studio Solution File, Format Version 12.00
# Visual Studio Version 17
VisualStudioVersion = 17.14.36401.2 d17.14
MinimumVisualStudioVersion = 10.0.40219.1
Project("{FAE04EC0-301F-11D3-BF4B-00C04F79EFBC}") = "TheTriangleFarmer", "TheTriangleFarmer.csproj", "{327BB71E-C221-4946-8861-FB759762C045}"
EndProject
Global
	GlobalSection(SolutionConfigurationPlatforms) = preSolution
		Debug|Any CPU = Debug|Any CPU
		Release|Any CPU = Release|Any CPU
	EndGlobalSection
	GlobalSection(ProjectConfigurationPlatforms) = postSolution
		{327BB71E-C221-4946-8861-FB759762C045}.Debug|Any CPU.ActiveCfg = Debug|Any CPU
		{327BB71E-C221-4946-8861-FB759762C045}.Debug|Any CPU.Build.0 = Debug|Any CPU
		{327BB71E-C221-4946-8861-FB759762C045}.Release|Any CPU.ActiveCfg = Release|Any CPU
		{327BB71E-C221-4946-8861-FB759762C045}.Release|Any CPU.Build.0 = Release|Any CPU
	EndGlobalSection
	GlobalSection(SolutionProperties) = preSolution
		HideSolutionNode = FALSE
	EndGlobalSection
	GlobalSection(ExtensibilityGlobals) = postSolution
		SolutionGuid = {3679DE1F-C41E-4BD0-AC24-F330CCDB97F1}
	EndGlobalSection
EndGlobal
