
Microsoft Visual Studio Solution File, Format Version 12.00
# Visual Studio Version 17
VisualStudioVersion = 17.14.36401.2 d17.14
MinimumVisualStudioVersion = 10.0.40219.1
Project("{FAE04EC0-301F-11D3-BF4B-00C04F79EFBC}") = "HuntingTheManticore", "HuntingTheManticore.csproj", "{492329EF-6DC0-4FFD-A226-D10EB653FB75}"
EndProject
Global
	GlobalSection(SolutionConfigurationPlatforms) = preSolution
		Debug|Any CPU = Debug|Any CPU
		Release|Any CPU = Release|Any CPU
	EndGlobalSection
	GlobalSection(ProjectConfigurationPlatforms) = postSolution
		{492329EF-6DC0-4FFD-A226-D10EB653FB75}.Debug|Any CPU.ActiveCfg = Debug|Any CPU
		{492329EF-6DC0-4FFD-A226-D10EB653FB75}.Debug|Any CPU.Build.0 = Debug|Any CPU
		{492329EF-6DC0-4FFD-A226-D10EB653FB75}.Release|Any CPU.ActiveCfg = Release|Any CPU
		{492329EF-6DC0-4FFD-A226-D10EB653FB75}.Release|Any CPU.Build.0 = Release|Any CPU
	EndGlobalSection
	GlobalSection(SolutionProperties) = preSolution
		HideSolutionNode = FALSE
	EndGlobalSection
	GlobalSection(ExtensibilityGlobals) = postSolution
		SolutionGuid = {408D1D35-F3C3-4313-A5E4-FC8BA849494F}
	EndGlobalSection
EndGlobal
