
Microsoft Visual Studio Solution File, Format Version 12.00
# Visual Studio Version 17
VisualStudioVersion = 17.14.36401.2 d17.14
MinimumVisualStudioVersion = 10.0.40219.1
Project("{FAE04EC0-301F-11D3-BF4B-00C04F79EFBC}") = "BuyingInventory", "BuyingInventory.csproj", "{C9FC1D10-6FA6-45B4-8E5C-3FA3870882B0}"
EndProject
Global
	GlobalSection(SolutionConfigurationPlatforms) = preSolution
		Debug|Any CPU = Debug|Any CPU
		Release|Any CPU = Release|Any CPU
	EndGlobalSection
	GlobalSection(ProjectConfigurationPlatforms) = postSolution
		{C9FC1D10-6FA6-45B4-8E5C-3FA3870882B0}.Debug|Any CPU.ActiveCfg = Debug|Any CPU
		{C9FC1D10-6FA6-45B4-8E5C-3FA3870882B0}.Debug|Any CPU.Build.0 = Debug|Any CPU
		{C9FC1D10-6FA6-45B4-8E5C-3FA3870882B0}.Release|Any CPU.ActiveCfg = Release|Any CPU
		{C9FC1D10-6FA6-45B4-8E5C-3FA3870882B0}.Release|Any CPU.Build.0 = Release|Any CPU
	EndGlobalSection
	GlobalSection(SolutionProperties) = preSolution
		HideSolutionNode = FALSE
	EndGlobalSection
	GlobalSection(ExtensibilityGlobals) = postSolution
		SolutionGuid = {1C3E5B6E-335A-46ED-AA76-BD4D2A3B6700}
	EndGlobalSection
EndGlobal
